
Microsoft Visual Studio Solution File, Format Version 12.00
# Visual Studio Version 16
VisualStudioVersion = 16.0.30517.126
MinimumVisualStudioVersion = 10.0.40219.1
Project("{9A19103F-16F7-4668-BE54-9A1E7A4F7556}") = "KUUKLE.WebApp", "KUUKLE.WebApp\KUUKLE.WebApp.csproj", "{66A1BA3D-065C-4C5A-A7CB-1560860261E1}"
EndProject
Project("{FAE04EC0-301F-11D3-BF4B-00C04F79EFBC}") = "KUUKLE.Models", "KUUKLE.Models\KUUKLE.Models.csproj", "{EFB4FAD3-A0F2-4568-BE70-4A26AC6B0C6B}"
EndProject
Project("{FAE04EC0-301F-11D3-BF4B-00C04F79EFBC}") = "KUUKLE.Services", "KUUKLE.Services\KUUKLE.Services.csproj", "{A9708234-1686-485D-AAD6-1144C613189F}"
EndProject
Project("{FAE04EC0-301F-11D3-BF4B-00C04F79EFBC}") = "KUUKLE.Data", "KUUKLE.Data\KUUKLE.Data.csproj", "{E1EB44AE-8509-4E18-892C-69B225C3594B}"
EndProject
Global
	GlobalSection(SolutionConfigurationPlatforms) = preSolution
		Debug|Any CPU = Debug|Any CPU
		Release|Any CPU = Release|Any CPU
	EndGlobalSection
	GlobalSection(ProjectConfigurationPlatforms) = postSolution
		{66A1BA3D-065C-4C5A-A7CB-1560860261E1}.Debug|Any CPU.ActiveCfg = Debug|Any CPU
		{66A1BA3D-065C-4C5A-A7CB-1560860261E1}.Debug|Any CPU.Build.0 = Debug|Any CPU
		{66A1BA3D-065C-4C5A-A7CB-1560860261E1}.Release|Any CPU.ActiveCfg = Release|Any CPU
		{66A1BA3D-065C-4C5A-A7CB-1560860261E1}.Release|Any CPU.Build.0 = Release|Any CPU
		{EFB4FAD3-A0F2-4568-BE70-4A26AC6B0C6B}.Debug|Any CPU.ActiveCfg = Debug|Any CPU
		{EFB4FAD3-A0F2-4568-BE70-4A26AC6B0C6B}.Debug|Any CPU.Build.0 = Debug|Any CPU
		{EFB4FAD3-A0F2-4568-BE70-4A26AC6B0C6B}.Release|Any CPU.ActiveCfg = Release|Any CPU
		{EFB4FAD3-A0F2-4568-BE70-4A26AC6B0C6B}.Release|Any CPU.Build.0 = Release|Any CPU
		{A9708234-1686-485D-AAD6-1144C613189F}.Debug|Any CPU.ActiveCfg = Debug|Any CPU
		{A9708234-1686-485D-AAD6-1144C613189F}.Debug|Any CPU.Build.0 = Debug|Any CPU
		{A9708234-1686-485D-AAD6-1144C613189F}.Release|Any CPU.ActiveCfg = Release|Any CPU
		{A9708234-1686-485D-AAD6-1144C613189F}.Release|Any CPU.Build.0 = Release|Any CPU
		{E1EB44AE-8509-4E18-892C-69B225C3594B}.Debug|Any CPU.ActiveCfg = Debug|Any CPU
		{E1EB44AE-8509-4E18-892C-69B225C3594B}.Debug|Any CPU.Build.0 = Debug|Any CPU
		{E1EB44AE-8509-4E18-892C-69B225C3594B}.Release|Any CPU.ActiveCfg = Release|Any CPU
		{E1EB44AE-8509-4E18-892C-69B225C3594B}.Release|Any CPU.Build.0 = Release|Any CPU
	EndGlobalSection
	GlobalSection(SolutionProperties) = preSolution
		HideSolutionNode = FALSE
	EndGlobalSection
	GlobalSection(ExtensibilityGlobals) = postSolution
		SolutionGuid = {375E924B-6175-4E13-B1AC-452FE81120C5}
	EndGlobalSection
EndGlobal
